# THIS IS AN AUTOGENERATED FILE. DO NOT EDIT THIS FILE DIRECTLY.
# yarn lockfile v1


"@chainsafe/as-sha256@^0.3.1":
  version "0.3.1"
  resolved "https://registry.yarnpkg.com/@chainsafe/as-sha256/-/as-sha256-0.3.1.tgz#3639df0e1435cab03f4d9870cc3ac079e57a6fc9"
  integrity sha512-hldFFYuf49ed7DAakWVXSJODuq3pzJEguD8tQ7h+sGkM18vja+OFoJI9krnGmgzyuZC2ETX0NOIcCTy31v2Mtg==

"@chainsafe/persistent-merkle-tree@^0.4.2":
  version "0.4.2"
  resolved "https://registry.yarnpkg.com/@chainsafe/persistent-merkle-tree/-/persistent-merkle-tree-0.4.2.tgz#4c9ee80cc57cd3be7208d98c40014ad38f36f7ff"
  integrity sha512-lLO3ihKPngXLTus/L7WHKaw9PnNJWizlOF1H9NNzHP6Xvh82vzg9F2bzkXhYIFshMZ2gTCEz8tq6STe7r5NDfQ==
  dependencies:
    "@chainsafe/as-sha256" "^0.3.1"

"@chainsafe/ssz@^0.9.2":
  version "0.9.2"
  resolved "https://registry.yarnpkg.com/@chainsafe/ssz/-/ssz-0.9.2.tgz#6f2552db312217b911e34bcdef9057f8a3a108f2"
  integrity sha512-r3bKiGMF7EZlsgXTyyzQbS+GJTj6MvTlY3Ms1byFZLL1H9Maht8muE2LkF3pS1zU9KY4tiJeQd+KABdhyfB9Ag==
  dependencies:
    "@chainsafe/as-sha256" "^0.3.1"
    "@chainsafe/persistent-merkle-tree" "^0.4.2"
    case "^1.6.3"

"@lodestar/config@^1.1.1":
  version "1.1.1"
  resolved "https://registry.yarnpkg.com/@lodestar/config/-/config-1.1.1.tgz#1b26bdc0f26dac2aeec357dee31b5b11738669d9"
  integrity sha512-GVVx0RHMohrUUO+QwX48EXAsS6eyJ9o9PrX7bwHYxKFQkkAxdvhq1zGQTExGRLB9gUrLdn2Adj7MP9VAHBtBFA==
  dependencies:
    "@chainsafe/ssz" "^0.9.2"
    "@lodestar/params" "^1.1.1"
    "@lodestar/types" "^1.1.1"

"@lodestar/params@^1.1.1":
  version "1.1.1"
  resolved "https://registry.yarnpkg.com/@lodestar/params/-/params-1.1.1.tgz#3bf989db349beea2f9d41d18bff530244441ede3"
  integrity sha512-89gzT4abq1owpQoS6Rz1JvlzkIrZrwCTreYSxkQXxjaoSyl8b6c9IhaGqkpOcwCe/1HV8fnv7rstA36ZJXtjvQ==

"@lodestar/types@^1.1.1":
  version "1.1.1"
  resolved "https://registry.yarnpkg.com/@lodestar/types/-/types-1.1.1.tgz#a3627e762ea1b3fd93449219aa66e97567e12795"
  integrity sha512-S/rTIPPbhmnIe2x/sLj1jOlsIA2BouhUwBPdcUg/TnHQw3R7MnKY9Th0m8QDTrWay/5wvu4aF6BgR3h1c7OX3g==
  dependencies:
    "@chainsafe/ssz" "^0.9.2"
    "@lodestar/params" "^1.1.1"

case@^1.6.3:
  version "1.6.3"
  resolved "https://registry.yarnpkg.com/case/-/case-1.6.3.tgz#0a4386e3e9825351ca2e6216c60467ff5f1ea1c9"
  integrity sha512-mzDSXIPaFwVDvZAHqZ9VlbyF4yyXRuX6IvB06WvPYkqJVO24kX1PPhv9bfpKNFZyxYFmmgo03HUiD8iklmJYRQ==
